
Microsoft Visual Studio Solution File, Format Version 12.00
# Visual Studio Version 17
VisualStudioVersion = 17.5.33414.496
MinimumVisualStudioVersion = 10.0.40219.1
Project("{FAE04EC0-301F-11D3-BF4B-00C04F79EFBC}") = "two_sum", "two_sum\two_sum.csproj", "{D7D2F048-B51E-4CEF-A2A3-3CFA1040A2E8}"
EndProject
Global
	GlobalSection(SolutionConfigurationPlatforms) = preSolution
		Debug|Any CPU = Debug|Any CPU
		Release|Any CPU = Release|Any CPU
	EndGlobalSection
	GlobalSection(ProjectConfigurationPlatforms) = postSolution
		{D7D2F048-B51E-4CEF-A2A3-3CFA1040A2E8}.Debug|Any CPU.ActiveCfg = Debug|Any CPU
		{D7D2F048-B51E-4CEF-A2A3-3CFA1040A2E8}.Debug|Any CPU.Build.0 = Debug|Any CPU
		{D7D2F048-B51E-4CEF-A2A3-3CFA1040A2E8}.Release|Any CPU.ActiveCfg = Release|Any CPU
		{D7D2F048-B51E-4CEF-A2A3-3CFA1040A2E8}.Release|Any CPU.Build.0 = Release|Any CPU
	EndGlobalSection
	GlobalSection(SolutionProperties) = preSolution
		HideSolutionNode = FALSE
	EndGlobalSection
	GlobalSection(ExtensibilityGlobals) = postSolution
		SolutionGuid = {2DEE4CE2-57F9-4D6E-A246-D01C944B38FF}
	EndGlobalSection
EndGlobal
